
Microsoft Visual Studio Solution File, Format Version 12.00
# Visual Studio Version 17
VisualStudioVersion = 17.4.33103.184
MinimumVisualStudioVersion = 10.0.40219.1
Project("{9A19103F-16F7-4668-BE54-9A1E7A4F7556}") = "DIExample", "DIExample\DIExample.csproj", "{F8EB85DC-33F5-4A5B-8992-6CCDE54542B4}"
EndProject
Project("{9A19103F-16F7-4668-BE54-9A1E7A4F7556}") = "IServices", "IServices\IServices.csproj", "{54139A44-FFE5-423D-8DC2-78FE404E53BF}"
EndProject
Project("{9A19103F-16F7-4668-BE54-9A1E7A4F7556}") = "Services", "Services\Services.csproj", "{67B5750A-DE48-41AC-8497-39CC6677149B}"
EndProject
Global
	GlobalSection(SolutionConfigurationPlatforms) = preSolution
		Debug|Any CPU = Debug|Any CPU
		Release|Any CPU = Release|Any CPU
	EndGlobalSection
	GlobalSection(ProjectConfigurationPlatforms) = postSolution
		{F8EB85DC-33F5-4A5B-8992-6CCDE54542B4}.Debug|Any CPU.ActiveCfg = Debug|Any CPU
		{F8EB85DC-33F5-4A5B-8992-6CCDE54542B4}.Debug|Any CPU.Build.0 = Debug|Any CPU
		{F8EB85DC-33F5-4A5B-8992-6CCDE54542B4}.Release|Any CPU.ActiveCfg = Release|Any CPU
		{F8EB85DC-33F5-4A5B-8992-6CCDE54542B4}.Release|Any CPU.Build.0 = Release|Any CPU
		{54139A44-FFE5-423D-8DC2-78FE404E53BF}.Debug|Any CPU.ActiveCfg = Debug|Any CPU
		{54139A44-FFE5-423D-8DC2-78FE404E53BF}.Debug|Any CPU.Build.0 = Debug|Any CPU
		{54139A44-FFE5-423D-8DC2-78FE404E53BF}.Release|Any CPU.ActiveCfg = Release|Any CPU
		{54139A44-FFE5-423D-8DC2-78FE404E53BF}.Release|Any CPU.Build.0 = Release|Any CPU
		{67B5750A-DE48-41AC-8497-39CC6677149B}.Debug|Any CPU.ActiveCfg = Debug|Any CPU
		{67B5750A-DE48-41AC-8497-39CC6677149B}.Debug|Any CPU.Build.0 = Debug|Any CPU
		{67B5750A-DE48-41AC-8497-39CC6677149B}.Release|Any CPU.ActiveCfg = Release|Any CPU
		{67B5750A-DE48-41AC-8497-39CC6677149B}.Release|Any CPU.Build.0 = Release|Any CPU
	EndGlobalSection
	GlobalSection(SolutionProperties) = preSolution
		HideSolutionNode = FALSE
	EndGlobalSection
	GlobalSection(ExtensibilityGlobals) = postSolution
		SolutionGuid = {5E826F14-C1C9-4C36-AE56-43E70B9FA63D}
	EndGlobalSection
EndGlobal
